
Microsoft Visual Studio Solution File, Format Version 12.00
# Visual Studio Version 17
VisualStudioVersion = 17.0.31912.275
MinimumVisualStudioVersion = 10.0.40219.1
Project("{FAE04EC0-301F-11D3-BF4B-00C04F79EFBC}") = "EX33", "EX33\EX33.csproj", "{C7B05030-5B75-479F-81A4-DBDED8BB14C9}"
EndProject
Global
	GlobalSection(SolutionConfigurationPlatforms) = preSolution
		Debug|Any CPU = Debug|Any CPU
		Release|Any CPU = Release|Any CPU
	EndGlobalSection
	GlobalSection(ProjectConfigurationPlatforms) = postSolution
		{C7B05030-5B75-479F-81A4-DBDED8BB14C9}.Debug|Any CPU.ActiveCfg = Debug|Any CPU
		{C7B05030-5B75-479F-81A4-DBDED8BB14C9}.Debug|Any CPU.Build.0 = Debug|Any CPU
		{C7B05030-5B75-479F-81A4-DBDED8BB14C9}.Release|Any CPU.ActiveCfg = Release|Any CPU
		{C7B05030-5B75-479F-81A4-DBDED8BB14C9}.Release|Any CPU.Build.0 = Release|Any CPU
	EndGlobalSection
	GlobalSection(SolutionProperties) = preSolution
		HideSolutionNode = FALSE
	EndGlobalSection
	GlobalSection(ExtensibilityGlobals) = postSolution
		SolutionGuid = {40973DF7-E219-4B53-A5C2-2E233248DE29}
	EndGlobalSection
EndGlobal
